
Microsoft Visual Studio Solution File, Format Version 12.00
# Visual Studio 2010
Project("{FAE04EC0-301F-11D3-BF4B-00C04F79EFBC}") = "Qupid", "Qupid\Qupid.csproj", "{B34852DF-1520-42E4-A135-D8C80F95AA73}"
EndProject
Project("{FAE04EC0-301F-11D3-BF4B-00C04F79EFBC}") = "Qupid.Tests", "Qupid.Tests\Qupid.Tests.csproj", "{D91ACC9A-79C4-4237-9576-0402D457DD37}"
EndProject
Global
	GlobalSection(SolutionConfigurationPlatforms) = preSolution
		Debug|Any CPU = Debug|Any CPU
		Release|Any CPU = Release|Any CPU
	EndGlobalSection
	GlobalSection(ProjectConfigurationPlatforms) = postSolution
		{B34852DF-1520-42E4-A135-D8C80F95AA73}.Debug|Any CPU.ActiveCfg = Debug|Any CPU
		{B34852DF-1520-42E4-A135-D8C80F95AA73}.Debug|Any CPU.Build.0 = Debug|Any CPU
		{B34852DF-1520-42E4-A135-D8C80F95AA73}.Release|Any CPU.ActiveCfg = Release|Any CPU
		{B34852DF-1520-42E4-A135-D8C80F95AA73}.Release|Any CPU.Build.0 = Release|Any CPU
		{D91ACC9A-79C4-4237-9576-0402D457DD37}.Debug|Any CPU.ActiveCfg = Debug|Any CPU
		{D91ACC9A-79C4-4237-9576-0402D457DD37}.Debug|Any CPU.Build.0 = Debug|Any CPU
		{D91ACC9A-79C4-4237-9576-0402D457DD37}.Release|Any CPU.ActiveCfg = Release|Any CPU
		{D91ACC9A-79C4-4237-9576-0402D457DD37}.Release|Any CPU.Build.0 = Release|Any CPU
	EndGlobalSection
	GlobalSection(SolutionProperties) = preSolution
		HideSolutionNode = FALSE
	EndGlobalSection
EndGlobal
